
Microsoft Visual Studio Solution File, Format Version 12.00
# Visual Studio Version 17
VisualStudioVersion = 17.1.32328.378
MinimumVisualStudioVersion = 10.0.40219.1
Project("{9A19103F-16F7-4668-BE54-9A1E7A4F7556}") = "CliWithAsyncDeviceLogN", "CliWithAsyncDeviceLogN.csproj", "{899785D0-4654-40A3-B1B5-AB4C1ED69B95}"
EndProject
Global
	GlobalSection(SolutionConfigurationPlatforms) = preSolution
		Debug|Any CPU = Debug|Any CPU
		Release|Any CPU = Release|Any CPU
	EndGlobalSection
	GlobalSection(ProjectConfigurationPlatforms) = postSolution
		{899785D0-4654-40A3-B1B5-AB4C1ED69B95}.Debug|Any CPU.ActiveCfg = Debug|Any CPU
		{899785D0-4654-40A3-B1B5-AB4C1ED69B95}.Debug|Any CPU.Build.0 = Debug|Any CPU
		{899785D0-4654-40A3-B1B5-AB4C1ED69B95}.Release|Any CPU.ActiveCfg = Release|Any CPU
		{899785D0-4654-40A3-B1B5-AB4C1ED69B95}.Release|Any CPU.Build.0 = Release|Any CPU
	EndGlobalSection
	GlobalSection(SolutionProperties) = preSolution
		HideSolutionNode = FALSE
	EndGlobalSection
	GlobalSection(ExtensibilityGlobals) = postSolution
		SolutionGuid = {C28FF967-C028-4074-9BB9-D1EEA4AAD45A}
	EndGlobalSection
EndGlobal
